
Microsoft Visual Studio Solution File, Format Version 10.00
# Visual Studio 2008
Project("{FAE04EC0-301F-11D3-BF4B-00C04F79EFBC}") = "DataTextTranscoder", "DataTextTranscoder\DataTextTranscoder.csproj", "{A9628E66-9168-4B3D-9920-9911E187190D}"
EndProject
Global
	GlobalSection(SolutionConfigurationPlatforms) = preSolution
		Debug|Any CPU = Debug|Any CPU
		Release|Any CPU = Release|Any CPU
	EndGlobalSection
	GlobalSection(ProjectConfigurationPlatforms) = postSolution
		{A9628E66-9168-4B3D-9920-9911E187190D}.Debug|Any CPU.ActiveCfg = Debug|Any CPU
		{A9628E66-9168-4B3D-9920-9911E187190D}.Debug|Any CPU.Build.0 = Debug|Any CPU
		{A9628E66-9168-4B3D-9920-9911E187190D}.Release|Any CPU.ActiveCfg = Release|Any CPU
		{A9628E66-9168-4B3D-9920-9911E187190D}.Release|Any CPU.Build.0 = Release|Any CPU
	EndGlobalSection
	GlobalSection(SolutionProperties) = preSolution
		HideSolutionNode = FALSE
	EndGlobalSection
EndGlobal
